
Microsoft Visual Studio Solution File, Format Version 12.00
# Visual Studio Version 16
VisualStudioVersion = 16.0.29001.49
MinimumVisualStudioVersion = 10.0.40219.1
Project("{FAE04EC0-301F-11D3-BF4B-00C04F79EFBC}") = "Preamble", "Preamble\Preamble.csproj", "{8E02FAA2-8856-4716-BE42-9DEFD78CF30C}"
EndProject
Global
	GlobalSection(SolutionConfigurationPlatforms) = preSolution
		Debug|Any CPU = Debug|Any CPU
		Release|Any CPU = Release|Any CPU
	EndGlobalSection
	GlobalSection(ProjectConfigurationPlatforms) = postSolution
		{8E02FAA2-8856-4716-BE42-9DEFD78CF30C}.Debug|Any CPU.ActiveCfg = Debug|Any CPU
		{8E02FAA2-8856-4716-BE42-9DEFD78CF30C}.Debug|Any CPU.Build.0 = Debug|Any CPU
		{8E02FAA2-8856-4716-BE42-9DEFD78CF30C}.Release|Any CPU.ActiveCfg = Release|Any CPU
		{8E02FAA2-8856-4716-BE42-9DEFD78CF30C}.Release|Any CPU.Build.0 = Release|Any CPU
	EndGlobalSection
	GlobalSection(SolutionProperties) = preSolution
		HideSolutionNode = FALSE
	EndGlobalSection
	GlobalSection(ExtensibilityGlobals) = postSolution
		SolutionGuid = {E25211F2-CD3E-429B-B0E0-BE31DBA4D2C6}
	EndGlobalSection
EndGlobal
